
Microsoft Visual Studio Solution File, Format Version 12.00
# Visual Studio Version 16
VisualStudioVersion = 16.0.31112.23
MinimumVisualStudioVersion = 10.0.40219.1
Project("{FAE04EC0-301F-11D3-BF4B-00C04F79EFBC}") = "Makhmutov4438ParfumeriaApp", "Makhmutov4438ParfumeriaApp\Makhmutov4438ParfumeriaApp.csproj", "{F992FC56-4350-4606-938B-ECC3286FA505}"
EndProject
Global
	GlobalSection(SolutionConfigurationPlatforms) = preSolution
		Debug|Any CPU = Debug|Any CPU
		Release|Any CPU = Release|Any CPU
	EndGlobalSection
	GlobalSection(ProjectConfigurationPlatforms) = postSolution
		{F992FC56-4350-4606-938B-ECC3286FA505}.Debug|Any CPU.ActiveCfg = Debug|Any CPU
		{F992FC56-4350-4606-938B-ECC3286FA505}.Debug|Any CPU.Build.0 = Debug|Any CPU
		{F992FC56-4350-4606-938B-ECC3286FA505}.Release|Any CPU.ActiveCfg = Release|Any CPU
		{F992FC56-4350-4606-938B-ECC3286FA505}.Release|Any CPU.Build.0 = Release|Any CPU
	EndGlobalSection
	GlobalSection(SolutionProperties) = preSolution
		HideSolutionNode = FALSE
	EndGlobalSection
	GlobalSection(ExtensibilityGlobals) = postSolution
		SolutionGuid = {151879CF-44E9-492F-A5DC-8C3C667EF466}
	EndGlobalSection
EndGlobal
